
Microsoft Visual Studio Solution File, Format Version 12.00
# Visual Studio Version 17
VisualStudioVersion = 17.4.33122.133
MinimumVisualStudioVersion = 10.0.40219.1
Project("{FAE04EC0-301F-11D3-BF4B-00C04F79EFBC}") = "XamarinLinkableApp.Android", "XamarinLinkableApp\XamarinLinkableApp.Android\XamarinLinkableApp.Android.csproj", "{9FF9984B-3446-4396-BFAB-09B8D8D60CD2}"
EndProject
Project("{FAE04EC0-301F-11D3-BF4B-00C04F79EFBC}") = "XamarinLinkableApp.iOS", "XamarinLinkableApp\XamarinLinkableApp.iOS\XamarinLinkableApp.iOS.csproj", "{4B2A6234-D1AF-4809-8D4E-B5B329A0E787}"
EndProject
Project("{FAE04EC0-301F-11D3-BF4B-00C04F79EFBC}") = "XamarinLinkableApp", "XamarinLinkableApp\XamarinLinkableApp\XamarinLinkableApp.csproj", "{0A7FB655-DE56-4CA2-A4C3-AF61BFDC013D}"
EndProject
Global
	GlobalSection(SolutionConfigurationPlatforms) = preSolution
		Debug|Any CPU = Debug|Any CPU
		Debug|iPhone = Debug|iPhone
		Debug|iPhoneSimulator = Debug|iPhoneSimulator
		Release|Any CPU = Release|Any CPU
		Release|iPhone = Release|iPhone
		Release|iPhoneSimulator = Release|iPhoneSimulator
	EndGlobalSection
	GlobalSection(ProjectConfigurationPlatforms) = postSolution
		{9FF9984B-3446-4396-BFAB-09B8D8D60CD2}.Debug|Any CPU.ActiveCfg = Debug|Any CPU
		{9FF9984B-3446-4396-BFAB-09B8D8D60CD2}.Debug|Any CPU.Build.0 = Debug|Any CPU
		{9FF9984B-3446-4396-BFAB-09B8D8D60CD2}.Debug|Any CPU.Deploy.0 = Debug|Any CPU
		{9FF9984B-3446-4396-BFAB-09B8D8D60CD2}.Debug|iPhone.ActiveCfg = Debug|Any CPU
		{9FF9984B-3446-4396-BFAB-09B8D8D60CD2}.Debug|iPhone.Build.0 = Debug|Any CPU
		{9FF9984B-3446-4396-BFAB-09B8D8D60CD2}.Debug|iPhone.Deploy.0 = Debug|Any CPU
		{9FF9984B-3446-4396-BFAB-09B8D8D60CD2}.Debug|iPhoneSimulator.ActiveCfg = Debug|Any CPU
		{9FF9984B-3446-4396-BFAB-09B8D8D60CD2}.Debug|iPhoneSimulator.Build.0 = Debug|Any CPU
		{9FF9984B-3446-4396-BFAB-09B8D8D60CD2}.Debug|iPhoneSimulator.Deploy.0 = Debug|Any CPU
		{9FF9984B-3446-4396-BFAB-09B8D8D60CD2}.Release|Any CPU.ActiveCfg = Release|Any CPU
		{9FF9984B-3446-4396-BFAB-09B8D8D60CD2}.Release|Any CPU.Build.0 = Release|Any CPU
		{9FF9984B-3446-4396-BFAB-09B8D8D60CD2}.Release|Any CPU.Deploy.0 = Release|Any CPU
		{9FF9984B-3446-4396-BFAB-09B8D8D60CD2}.Release|iPhone.ActiveCfg = Release|Any CPU
		{9FF9984B-3446-4396-BFAB-09B8D8D60CD2}.Release|iPhone.Build.0 = Release|Any CPU
		{9FF9984B-3446-4396-BFAB-09B8D8D60CD2}.Release|iPhone.Deploy.0 = Release|Any CPU
		{9FF9984B-3446-4396-BFAB-09B8D8D60CD2}.Release|iPhoneSimulator.ActiveCfg = Release|Any CPU
		{9FF9984B-3446-4396-BFAB-09B8D8D60CD2}.Release|iPhoneSimulator.Build.0 = Release|Any CPU
		{9FF9984B-3446-4396-BFAB-09B8D8D60CD2}.Release|iPhoneSimulator.Deploy.0 = Release|Any CPU
		{4B2A6234-D1AF-4809-8D4E-B5B329A0E787}.Debug|Any CPU.ActiveCfg = Debug|iPhone
		{4B2A6234-D1AF-4809-8D4E-B5B329A0E787}.Debug|Any CPU.Build.0 = Debug|iPhone
		{4B2A6234-D1AF-4809-8D4E-B5B329A0E787}.Debug|Any CPU.Deploy.0 = Debug|iPhone
		{4B2A6234-D1AF-4809-8D4E-B5B329A0E787}.Debug|iPhone.ActiveCfg = Debug|iPhone
		{4B2A6234-D1AF-4809-8D4E-B5B329A0E787}.Debug|iPhone.Build.0 = Debug|iPhone
		{4B2A6234-D1AF-4809-8D4E-B5B329A0E787}.Debug|iPhone.Deploy.0 = Debug|iPhone
		{4B2A6234-D1AF-4809-8D4E-B5B329A0E787}.Debug|iPhoneSimulator.ActiveCfg = Debug|iPhoneSimulator
		{4B2A6234-D1AF-4809-8D4E-B5B329A0E787}.Debug|iPhoneSimulator.Build.0 = Debug|iPhoneSimulator
		{4B2A6234-D1AF-4809-8D4E-B5B329A0E787}.Debug|iPhoneSimulator.Deploy.0 = Debug|iPhoneSimulator
		{4B2A6234-D1AF-4809-8D4E-B5B329A0E787}.Release|Any CPU.ActiveCfg = Release|iPhoneSimulator
		{4B2A6234-D1AF-4809-8D4E-B5B329A0E787}.Release|Any CPU.Build.0 = Release|iPhoneSimulator
		{4B2A6234-D1AF-4809-8D4E-B5B329A0E787}.Release|Any CPU.Deploy.0 = Release|iPhoneSimulator
		{4B2A6234-D1AF-4809-8D4E-B5B329A0E787}.Release|iPhone.ActiveCfg = Release|iPhone
		{4B2A6234-D1AF-4809-8D4E-B5B329A0E787}.Release|iPhone.Build.0 = Release|iPhone
		{4B2A6234-D1AF-4809-8D4E-B5B329A0E787}.Release|iPhone.Deploy.0 = Release|iPhone
		{4B2A6234-D1AF-4809-8D4E-B5B329A0E787}.Release|iPhoneSimulator.ActiveCfg = Release|iPhoneSimulator
		{4B2A6234-D1AF-4809-8D4E-B5B329A0E787}.Release|iPhoneSimulator.Build.0 = Release|iPhoneSimulator
		{4B2A6234-D1AF-4809-8D4E-B5B329A0E787}.Release|iPhoneSimulator.Deploy.0 = Release|iPhoneSimulator
		{0A7FB655-DE56-4CA2-A4C3-AF61BFDC013D}.Debug|Any CPU.ActiveCfg = Debug|Any CPU
		{0A7FB655-DE56-4CA2-A4C3-AF61BFDC013D}.Debug|Any CPU.Build.0 = Debug|Any CPU
		{0A7FB655-DE56-4CA2-A4C3-AF61BFDC013D}.Debug|Any CPU.Deploy.0 = Debug|Any CPU
		{0A7FB655-DE56-4CA2-A4C3-AF61BFDC013D}.Debug|iPhone.ActiveCfg = Debug|Any CPU
		{0A7FB655-DE56-4CA2-A4C3-AF61BFDC013D}.Debug|iPhone.Build.0 = Debug|Any CPU
		{0A7FB655-DE56-4CA2-A4C3-AF61BFDC013D}.Debug|iPhone.Deploy.0 = Debug|Any CPU
		{0A7FB655-DE56-4CA2-A4C3-AF61BFDC013D}.Debug|iPhoneSimulator.ActiveCfg = Debug|Any CPU
		{0A7FB655-DE56-4CA2-A4C3-AF61BFDC013D}.Debug|iPhoneSimulator.Build.0 = Debug|Any CPU
		{0A7FB655-DE56-4CA2-A4C3-AF61BFDC013D}.Debug|iPhoneSimulator.Deploy.0 = Debug|Any CPU
		{0A7FB655-DE56-4CA2-A4C3-AF61BFDC013D}.Release|Any CPU.ActiveCfg = Release|Any CPU
		{0A7FB655-DE56-4CA2-A4C3-AF61BFDC013D}.Release|Any CPU.Build.0 = Release|Any CPU
		{0A7FB655-DE56-4CA2-A4C3-AF61BFDC013D}.Release|Any CPU.Deploy.0 = Release|Any CPU
		{0A7FB655-DE56-4CA2-A4C3-AF61BFDC013D}.Release|iPhone.ActiveCfg = Release|Any CPU
		{0A7FB655-DE56-4CA2-A4C3-AF61BFDC013D}.Release|iPhone.Build.0 = Release|Any CPU
		{0A7FB655-DE56-4CA2-A4C3-AF61BFDC013D}.Release|iPhone.Deploy.0 = Release|Any CPU
		{0A7FB655-DE56-4CA2-A4C3-AF61BFDC013D}.Release|iPhoneSimulator.ActiveCfg = Release|Any CPU
		{0A7FB655-DE56-4CA2-A4C3-AF61BFDC013D}.Release|iPhoneSimulator.Build.0 = Release|Any CPU
		{0A7FB655-DE56-4CA2-A4C3-AF61BFDC013D}.Release|iPhoneSimulator.Deploy.0 = Release|Any CPU
	EndGlobalSection
	GlobalSection(SolutionProperties) = preSolution
		HideSolutionNode = FALSE
	EndGlobalSection
	GlobalSection(ExtensibilityGlobals) = postSolution
		SolutionGuid = {E8633B46-778B-4BDA-8387-757AA69ACFA5}
	EndGlobalSection
EndGlobal
